
Microsoft Visual Studio Solution File, Format Version 12.00
# Visual Studio Version 17
VisualStudioVersion = 17.14.37516.0 d17.14
MinimumVisualStudioVersion = 10.0.40219.1
Project("{FAE04EC0-301F-11D3-BF4B-00C04F79EFBC}") = "NotesManager", "NotesManager\NotesManager.csproj", "{90D8D68C-F6D3-4164-A772-49715411D3B5}"
EndProject
Global
	GlobalSection(SolutionConfigurationPlatforms) = preSolution
		Debug|Any CPU = Debug|Any CPU
		Release|Any CPU = Release|Any CPU
	EndGlobalSection
	GlobalSection(ProjectConfigurationPlatforms) = postSolution
		{90D8D68C-F6D3-4164-A772-49715411D3B5}.Debug|Any CPU.ActiveCfg = Debug|Any CPU
		{90D8D68C-F6D3-4164-A772-49715411D3B5}.Debug|Any CPU.Build.0 = Debug|Any CPU
		{90D8D68C-F6D3-4164-A772-49715411D3B5}.Release|Any CPU.ActiveCfg = Release|Any CPU
		{90D8D68C-F6D3-4164-A772-49715411D3B5}.Release|Any CPU.Build.0 = Release|Any CPU
	EndGlobalSection
	GlobalSection(SolutionProperties) = preSolution
		HideSolutionNode = FALSE
	EndGlobalSection
	GlobalSection(ExtensibilityGlobals) = postSolution
		SolutionGuid = {61847623-3B3A-4988-9754-E0B6750BD5A7}
	EndGlobalSection
EndGlobal
